
Microsoft Visual Studio Solution File, Format Version 12.00
# Visual Studio Version 16
VisualStudioVersion = 16.0.30320.27
MinimumVisualStudioVersion = 10.0.40219.1
Project("{9A19103F-16F7-4668-BE54-9A1E7A4F7556}") = "AICore", "AIObjectDetection\AICore.csproj", "{A5A08C79-511D-45BE-94A4-53C64C2344E4}"
EndProject
Project("{FAE04EC0-301F-11D3-BF4B-00C04F79EFBC}") = "AIUI", "AIUI\AIUI.csproj", "{587FD5B1-1361-49CF-8245-364026DBA312}"
EndProject
Global
	GlobalSection(SolutionConfigurationPlatforms) = preSolution
		Debug|Any CPU = Debug|Any CPU
		Debug|x64 = Debug|x64
		Release|Any CPU = Release|Any CPU
		Release|x64 = Release|x64
	EndGlobalSection
	GlobalSection(ProjectConfigurationPlatforms) = postSolution
		{A5A08C79-511D-45BE-94A4-53C64C2344E4}.Debug|Any CPU.ActiveCfg = Debug|Any CPU
		{A5A08C79-511D-45BE-94A4-53C64C2344E4}.Debug|Any CPU.Build.0 = Debug|Any CPU
		{A5A08C79-511D-45BE-94A4-53C64C2344E4}.Debug|x64.ActiveCfg = Debug|x64
		{A5A08C79-511D-45BE-94A4-53C64C2344E4}.Debug|x64.Build.0 = Debug|x64
		{A5A08C79-511D-45BE-94A4-53C64C2344E4}.Release|Any CPU.ActiveCfg = Release|Any CPU
		{A5A08C79-511D-45BE-94A4-53C64C2344E4}.Release|Any CPU.Build.0 = Release|Any CPU
		{A5A08C79-511D-45BE-94A4-53C64C2344E4}.Release|x64.ActiveCfg = Release|x64
		{A5A08C79-511D-45BE-94A4-53C64C2344E4}.Release|x64.Build.0 = Release|x64
		{587FD5B1-1361-49CF-8245-364026DBA312}.Debug|Any CPU.ActiveCfg = Debug|Any CPU
		{587FD5B1-1361-49CF-8245-364026DBA312}.Debug|Any CPU.Build.0 = Debug|Any CPU
		{587FD5B1-1361-49CF-8245-364026DBA312}.Debug|x64.ActiveCfg = Debug|x64
		{587FD5B1-1361-49CF-8245-364026DBA312}.Debug|x64.Build.0 = Debug|x64
		{587FD5B1-1361-49CF-8245-364026DBA312}.Release|Any CPU.ActiveCfg = Release|Any CPU
		{587FD5B1-1361-49CF-8245-364026DBA312}.Release|Any CPU.Build.0 = Release|Any CPU
		{587FD5B1-1361-49CF-8245-364026DBA312}.Release|x64.ActiveCfg = Release|x64
		{587FD5B1-1361-49CF-8245-364026DBA312}.Release|x64.Build.0 = Release|x64
	EndGlobalSection
	GlobalSection(SolutionProperties) = preSolution
		HideSolutionNode = FALSE
	EndGlobalSection
	GlobalSection(ExtensibilityGlobals) = postSolution
		SolutionGuid = {2E6E6055-A340-4880-86D4-D2629A5B76B5}
	EndGlobalSection
EndGlobal
